
Microsoft Visual Studio Solution File, Format Version 12.00
# Visual Studio Version 17
VisualStudioVersion = 17.9.34622.214
MinimumVisualStudioVersion = 10.0.40219.1
Project("{9A19103F-16F7-4668-BE54-9A1E7A4F7556}") = "interwebz", "interwebz.csproj", "{5F3A719A-8D53-4201-AB63-EBEBA74B910C}"
EndProject
Global
	GlobalSection(SolutionConfigurationPlatforms) = preSolution
		Debug|Any CPU = Debug|Any CPU
		Release|Any CPU = Release|Any CPU
	EndGlobalSection
	GlobalSection(ProjectConfigurationPlatforms) = postSolution
		{5F3A719A-8D53-4201-AB63-EBEBA74B910C}.Debug|Any CPU.ActiveCfg = Debug|Any CPU
		{5F3A719A-8D53-4201-AB63-EBEBA74B910C}.Debug|Any CPU.Build.0 = Debug|Any CPU
		{5F3A719A-8D53-4201-AB63-EBEBA74B910C}.Release|Any CPU.ActiveCfg = Release|Any CPU
		{5F3A719A-8D53-4201-AB63-EBEBA74B910C}.Release|Any CPU.Build.0 = Release|Any CPU
	EndGlobalSection
	GlobalSection(SolutionProperties) = preSolution
		HideSolutionNode = FALSE
	EndGlobalSection
	GlobalSection(ExtensibilityGlobals) = postSolution
		SolutionGuid = {451E3CC9-CA94-4A46-A8F9-2E47803EC77C}
	EndGlobalSection
EndGlobal
